// !$*UTF8*$!
{
	archiveVersion = 1;
	classes = {
	};
	objectVersion = 77;
	objects = {

/* Begin PBXBuildFile section */
		250A205B2ED4A2C800FBAF0C /* MediaRemote.framework in Frameworks */ = {isa = PBXBuildFile; fileRef = 9E284D432D8B2E8000ED8E89 /* MediaRemote.framework */; };
		251798DC2F126FFF0050B370 /* MacroVisionKit in Frameworks */ = {isa = PBXBuildFile; productRef = 251798DB2F126FFF0050B370 /* MacroVisionKit */; };
		253243BE2E09A6220030EC15 /* DisplayServices.framework in Frameworks */ = {isa = PBXBuildFile; fileRef = 9E05A76E2D7D93A900980012 /* DisplayServices.framework */; };
		253243C32E09A6240030EC15 /* SkyLight.framework in Frameworks */ = {isa = PBXBuildFile; fileRef = 253243AF2E09A1AA0030EC15 /* SkyLight.framework */; };
		258F12A22F01D5D100CA507F /* Sparkle in Frameworks */ = {isa = PBXBuildFile; productRef = 258F12A12F01D5D100CA507F /* Sparkle */; };
		25F325642ED64870001C93C0 /* LaunchAtLogin in Frameworks */ = {isa = PBXBuildFile; productRef = 25F325632ED64870001C93C0 /* LaunchAtLogin */; };
		25F325662ED64885001C93C0 /* SwiftyJSON in Frameworks */ = {isa = PBXBuildFile; productRef = 25F325652ED64885001C93C0 /* SwiftyJSON */; };
		9E36AFAB2D78EB2100D53482 /* Lottie in Frameworks */ = {isa = PBXBuildFile; productRef = 9E36AFAA2D78EB2100D53482 /* Lottie */; };
/* End PBXBuildFile section */

/* Begin PBXCopyFilesBuildPhase section */
		25F3257D2ED751EC001C93C0 /* Embed Frameworks */ = {
			isa = PBXCopyFilesBuildPhase;
			buildActionMask = 2147483647;
			dstPath = "";
			dstSubfolderSpec = 10;
			files = (
			);
			name = "Embed Frameworks";
			runOnlyForDeploymentPostprocessing = 0;
		};
/* End PBXCopyFilesBuildPhase section */

/* Begin PBXFileReference section */
		253243AF2E09A1AA0030EC15 /* SkyLight.framework */ = {isa = PBXFileReference; lastKnownFileType = wrapper.framework; name = SkyLight.framework; path = ../../../../System/Library/PrivateFrameworks/SkyLight.framework; sourceTree = "<group>"; };
		9E05A76E2D7D93A900980012 /* DisplayServices.framework */ = {isa = PBXFileReference; lastKnownFileType = wrapper.framework; name = DisplayServices.framework; path = ../../../../System/Library/PrivateFrameworks/DisplayServices.framework; sourceTree = "<group>"; };
		9E284D432D8B2E8000ED8E89 /* MediaRemote.framework */ = {isa = PBXFileReference; lastKnownFileType = wrapper.framework; name = MediaRemote.framework; path = ../../../../System/Library/PrivateFrameworks/MediaRemote.framework; sourceTree = "<group>"; };
		9EA41D872D6DEACA00817679 /* MewNotch.app */ = {isa = PBXFileReference; explicitFileType = wrapper.application; includeInIndex = 0; path = MewNotch.app; sourceTree = BUILT_PRODUCTS_DIR; };
/* End PBXFileReference section */

/* Begin PBXFileSystemSynchronizedBuildFileExceptionSet section */
		9E71E3BB2DB38C0D0086C25E /* Exceptions for "MewNotch" folder in "MewNotch" target */ = {
			isa = PBXFileSystemSynchronizedBuildFileExceptionSet;
			membershipExceptions = (
				Info.plist,
			);
			target = 9EA41D862D6DEACA00817679 /* MewNotch */;
		};
/* End PBXFileSystemSynchronizedBuildFileExceptionSet section */

/* Begin PBXFileSystemSynchronizedGroupBuildPhaseMembershipExceptionSet section */
		25F325832ED76127001C93C0 /* Exceptions for "MewNotch" folder in "Embed Frameworks" phase from "MewNotch" target */ = {
			isa = PBXFileSystemSynchronizedGroupBuildPhaseMembershipExceptionSet;
			attributesByRelativePath = {
				Resources/Libs/MediaRemoteAdapter.framework = (CodeSignOnCopy, RemoveHeadersOnCopy, );
			};
			buildPhase = 25F3257D2ED751EC001C93C0 /* Embed Frameworks */;
			membershipExceptions = (
				Resources/Libs/MediaRemoteAdapter.framework,
			);
		};
/* End PBXFileSystemSynchronizedGroupBuildPhaseMembershipExceptionSet section */

/* Begin PBXFileSystemSynchronizedRootGroup section */
		9EA41D892D6DEACA00817679 /* MewNotch */ = {
			isa = PBXFileSystemSynchronizedRootGroup;
			exceptions = (
				9E71E3BB2DB38C0D0086C25E /* Exceptions for "MewNotch" folder in "MewNotch" target */,
				25F325832ED76127001C93C0 /* Exceptions for "MewNotch" folder in "Embed Frameworks" phase from "MewNotch" target */,
			);
			path = MewNotch;
			sourceTree = "<group>";
		};
/* End PBXFileSystemSynchronizedRootGroup section */

/* Begin PBXFrameworksBuildPhase section */
		9EA41D842D6DEACA00817679 /* Frameworks */ = {
			isa = PBXFrameworksBuildPhase;
			buildActionMask = 2147483647;
			files = (
				251798DC2F126FFF0050B370 /* MacroVisionKit in Frameworks */,
				25F325642ED64870001C93C0 /* LaunchAtLogin in Frameworks */,
				258F12A22F01D5D100CA507F /* Sparkle in Frameworks */,
				25F325662ED64885001C93C0 /* SwiftyJSON in Frameworks */,
				9E36AFAB2D78EB2100D53482 /* Lottie in Frameworks */,
				253243BE2E09A6220030EC15 /* DisplayServices.framework in Frameworks */,
				253243C32E09A6240030EC15 /* SkyLight.framework in Frameworks */,
				250A205B2ED4A2C800FBAF0C /* MediaRemote.framework in Frameworks */,
			);
			runOnlyForDeploymentPostprocessing = 0;
		};
/* End PBXFrameworksBuildPhase section */

/* Begin PBXGroup section */
		9E05A76B2D7D935F00980012 /* Frameworks */ = {
			isa = PBXGroup;
			children = (
				253243AF2E09A1AA0030EC15 /* SkyLight.framework */,
				9E284D432D8B2E8000ED8E89 /* MediaRemote.framework */,
				9E05A76E2D7D93A900980012 /* DisplayServices.framework */,
			);
			name = Frameworks;
			sourceTree = "<group>";
		};
		9EA41D7E2D6DEACA00817679 = {
			isa = PBXGroup;
			children = (
				9EA41D892D6DEACA00817679 /* MewNotch */,
				9E05A76B2D7D935F00980012 /* Frameworks */,
				9EA41D882D6DEACA00817679 /* Products */,
			);
			sourceTree = "<group>";
		};
		9EA41D882D6DEACA00817679 /* Products */ = {
			isa = PBXGroup;
			children = (
				9EA41D872D6DEACA00817679 /* MewNotch.app */,
			);
			name = Products;
			sourceTree = "<group>";
		};
/* End PBXGroup section */

/* Begin PBXNativeTarget section */
		9EA41D862D6DEACA00817679 /* MewNotch */ = {
			isa = PBXNativeTarget;
			buildConfigurationList = 9EA41D982D6DEACC00817679 /* Build configuration list for PBXNativeTarget "MewNotch" */;
			buildPhases = (
				9EA41D832D6DEACA00817679 /* Sources */,
				9EA41D842D6DEACA00817679 /* Frameworks */,
				9EA41D852D6DEACA00817679 /* Resources */,
				25F3257D2ED751EC001C93C0 /* Embed Frameworks */,
			);
			buildRules = (
			);
			dependencies = (
			);
			fileSystemSynchronizedGroups = (
				9EA41D892D6DEACA00817679 /* MewNotch */,
			);
			name = MewNotch;
			packageProductDependencies = (
				9E36AFAA2D78EB2100D53482 /* Lottie */,
				25F325632ED64870001C93C0 /* LaunchAtLogin */,
				25F325652ED64885001C93C0 /* SwiftyJSON */,
				258F12A12F01D5D100CA507F /* Sparkle */,
				251798DB2F126FFF0050B370 /* MacroVisionKit */,
			);
			productName = MewNotch;
			productReference = 9EA41D872D6DEACA00817679 /* MewNotch.app */;
			productType = "com.apple.product-type.application";
		};
/* End PBXNativeTarget section */

/* Begin PBXProject section */
		9EA41D7F2D6DEACA00817679 /* Project object */ = {
			isa = PBXProject;
			attributes = {
				BuildIndependentTargetsInParallel = 1;
				LastSwiftUpdateCheck = 1620;
				LastUpgradeCheck = 2610;
				TargetAttributes = {
					9EA41D862D6DEACA00817679 = {
						CreatedOnToolsVersion = 16.2;
						LastSwiftMigration = 1620;
					};
				};
			};
			buildConfigurationList = 9EA41D822D6DEACA00817679 /* Build configuration list for PBXProject "MewNotch" */;
			developmentRegion = en;
			hasScannedForEncodings = 0;
			knownRegions = (
				en,
				Base,
				"zh-Hans",
			);
			mainGroup = 9EA41D7E2D6DEACA00817679;
			minimizedProjectReferenceProxies = 1;
			packageReferences = (
				9E36AFA92D78EB2100D53482 /* XCRemoteSwiftPackageReference "lottie-ios" */,
				250A20722ED646CF00FBAF0C /* XCRemoteSwiftPackageReference "SwiftyJSON" */,
				250A20732ED646DB00FBAF0C /* XCRemoteSwiftPackageReference "LaunchAtLogin-Modern" */,
				258F12A02F01D5D100CA507F /* XCRemoteSwiftPackageReference "Sparkle" */,
				251798DA2F126FFF0050B370 /* XCRemoteSwiftPackageReference "MacroVisionKit" */,
			);
			preferredProjectObjectVersion = 77;
			productRefGroup = 9EA41D882D6DEACA00817679 /* Products */;
			projectDirPath = "";
			projectRoot = "";
			targets = (
				9EA41D862D6DEACA00817679 /* MewNotch */,
			);
		};
/* End PBXProject section */

/* Begin PBXResourcesBuildPhase section */
		9EA41D852D6DEACA00817679 /* Resources */ = {
			isa = PBXResourcesBuildPhase;
			buildActionMask = 2147483647;
			files = (
			);
			runOnlyForDeploymentPostprocessing = 0;
		};
/* End PBXResourcesBuildPhase section */

/* Begin PBXSourcesBuildPhase section */
		9EA41D832D6DEACA00817679 /* Sources */ = {
			isa = PBXSourcesBuildPhase;
			buildActionMask = 2147483647;
			files = (
			);
			runOnlyForDeploymentPostprocessing = 0;
		};
/* End PBXSourcesBuildPhase section */

/* Begin XCBuildConfiguration section */
		9EA41D962D6DEACC00817679 /* Debug */ = {
			isa = XCBuildConfiguration;
			buildSettings = {
				ALWAYS_SEARCH_USER_PATHS = NO;
				ASSETCATALOG_COMPILER_GENERATE_SWIFT_ASSET_SYMBOL_EXTENSIONS = YES;
				CLANG_ANALYZER_NONNULL = YES;
				CLANG_ANALYZER_NUMBER_OBJECT_CONVERSION = YES_AGGRESSIVE;
				CLANG_CXX_LANGUAGE_STANDARD = "gnu++20";
				CLANG_ENABLE_MODULES = YES;
				CLANG_ENABLE_OBJC_ARC = YES;
				CLANG_ENABLE_OBJC_WEAK = YES;
				CLANG_WARN_BLOCK_CAPTURE_AUTORELEASING = YES;
				CLANG_WARN_BOOL_CONVERSION = YES;
				CLANG_WARN_COMMA = YES;
				CLANG_WARN_CONSTANT_CONVERSION = YES;
				CLANG_WARN_DEPRECATED_OBJC_IMPLEMENTATIONS = YES;
				CLANG_WARN_DIRECT_OBJC_ISA_USAGE = YES_ERROR;
				CLANG_WARN_DOCUMENTATION_COMMENTS = YES;
				CLANG_WARN_EMPTY_BODY = YES;
				CLANG_WARN_ENUM_CONVERSION = YES;
				CLANG_WARN_INFINITE_RECURSION = YES;
				CLANG_WARN_INT_CONVERSION = YES;
				CLANG_WARN_NON_LITERAL_NULL_CONVERSION = YES;
				CLANG_WARN_OBJC_IMPLICIT_RETAIN_SELF = YES;
				CLANG_WARN_OBJC_LITERAL_CONVERSION = YES;
				CLANG_WARN_OBJC_ROOT_CLASS = YES_ERROR;
				CLANG_WARN_QUOTED_INCLUDE_IN_FRAMEWORK_HEADER = YES;
				CLANG_WARN_RANGE_LOOP_ANALYSIS = YES;
				CLANG_WARN_STRICT_PROTOTYPES = YES;
				CLANG_WARN_SUSPICIOUS_MOVE = YES;
				CLANG_WARN_UNGUARDED_AVAILABILITY = YES_AGGRESSIVE;
				CLANG_WARN_UNREACHABLE_CODE = YES;
				CLANG_WARN__DUPLICATE_METHOD_MATCH = YES;
				COPY_PHASE_STRIP = NO;
				DEBUG_INFORMATION_FORMAT = dwarf;
				ENABLE_STRICT_OBJC_MSGSEND = YES;
				ENABLE_TESTABILITY = YES;
				ENABLE_USER_SCRIPT_SANDBOXING = YES;
				GCC_C_LANGUAGE_STANDARD = gnu17;
				GCC_DYNAMIC_NO_PIC = NO;
				GCC_NO_COMMON_BLOCKS = YES;
				GCC_OPTIMIZATION_LEVEL = 0;
				GCC_PREPROCESSOR_DEFINITIONS = (
					"DEBUG=1",
					"$(inherited)",
				);
				GCC_WARN_64_TO_32_BIT_CONVERSION = YES;
				GCC_WARN_ABOUT_RETURN_TYPE = YES_ERROR;
				GCC_WARN_UNDECLARED_SELECTOR = YES;
				GCC_WARN_UNINITIALIZED_AUTOS = YES_AGGRESSIVE;
				GCC_WARN_UNUSED_FUNCTION = YES;
				GCC_WARN_UNUSED_VARIABLE = YES;
				LOCALIZATION_PREFERS_STRING_CATALOGS = YES;
				MACOSX_DEPLOYMENT_TARGET = 15.2;
				MTL_ENABLE_DEBUG_INFO = INCLUDE_SOURCE;
				MTL_FAST_MATH = YES;
				ONLY_ACTIVE_ARCH = YES;
				SDKROOT = macosx;
				SWIFT_ACTIVE_COMPILATION_CONDITIONS = "DEBUG $(inherited)";
				SWIFT_OPTIMIZATION_LEVEL = "-Onone";
			};
			name = Debug;
		};
		9EA41D972D6DEACC00817679 /* Release */ = {
			isa = XCBuildConfiguration;
			buildSettings = {
				ALWAYS_SEARCH_USER_PATHS = NO;
				ASSETCATALOG_COMPILER_GENERATE_SWIFT_ASSET_SYMBOL_EXTENSIONS = YES;
				CLANG_ANALYZER_NONNULL = YES;
				CLANG_ANALYZER_NUMBER_OBJECT_CONVERSION = YES_AGGRESSIVE;
				CLANG_CXX_LANGUAGE_STANDARD = "gnu++20";
				CLANG_ENABLE_MODULES = YES;
				CLANG_ENABLE_OBJC_ARC = YES;
				CLANG_ENABLE_OBJC_WEAK = YES;
				CLANG_WARN_BLOCK_CAPTURE_AUTORELEASING = YES;
				CLANG_WARN_BOOL_CONVERSION = YES;
				CLANG_WARN_COMMA = YES;
				CLANG_WARN_CONSTANT_CONVERSION = YES;
				CLANG_WARN_DEPRECATED_OBJC_IMPLEMENTATIONS = YES;
				CLANG_WARN_DIRECT_OBJC_ISA_USAGE = YES_ERROR;
				CLANG_WARN_DOCUMENTATION_COMMENTS = YES;
				CLANG_WARN_EMPTY_BODY = YES;
				CLANG_WARN_ENUM_CONVERSION = YES;
				CLANG_WARN_INFINITE_RECURSION = YES;
				CLANG_WARN_INT_CONVERSION = YES;
				CLANG_WARN_NON_LITERAL_NULL_CONVERSION = YES;
				CLANG_WARN_OBJC_IMPLICIT_RETAIN_SELF = YES;
				CLANG_WARN_OBJC_LITERAL_CONVERSION = YES;
				CLANG_WARN_OBJC_ROOT_CLASS = YES_ERROR;
				CLANG_WARN_QUOTED_INCLUDE_IN_FRAMEWORK_HEADER = YES;
				CLANG_WARN_RANGE_LOOP_ANALYSIS = YES;
				CLANG_WARN_STRICT_PROTOTYPES = YES;
				CLANG_WARN_SUSPICIOUS_MOVE = YES;
				CLANG_WARN_UNGUARDED_AVAILABILITY = YES_AGGRESSIVE;
				CLANG_WARN_UNREACHABLE_CODE = YES;
				CLANG_WARN__DUPLICATE_METHOD_MATCH = YES;
				COPY_PHASE_STRIP = NO;
				DEBUG_INFORMATION_FORMAT = "dwarf-with-dsym";
				ENABLE_NS_ASSERTIONS = NO;
				ENABLE_STRICT_OBJC_MSGSEND = YES;
				ENABLE_USER_SCRIPT_SANDBOXING = YES;
				GCC_C_LANGUAGE_STANDARD = gnu17;
				GCC_NO_COMMON_BLOCKS = YES;
				GCC_WARN_64_TO_32_BIT_CONVERSION = YES;
				GCC_WARN_ABOUT_RETURN_TYPE = YES_ERROR;
				GCC_WARN_UNDECLARED_SELECTOR = YES;
				GCC_WARN_UNINITIALIZED_AUTOS = YES_AGGRESSIVE;
				GCC_WARN_UNUSED_FUNCTION = YES;
				GCC_WARN_UNUSED_VARIABLE = YES;
				LOCALIZATION_PREFERS_STRING_CATALOGS = YES;
				MACOSX_DEPLOYMENT_TARGET = 15.2;
				MTL_ENABLE_DEBUG_INFO = NO;
				MTL_FAST_MATH = YES;
				SDKROOT = macosx;
				SWIFT_COMPILATION_MODE = wholemodule;
			};
			name = Release;
		};
		9EA41D992D6DEACC00817679 /* Debug */ = {
			isa = XCBuildConfiguration;
			buildSettings = {
				ASSETCATALOG_COMPILER_APPICON_NAME = AppIcon;
				ASSETCATALOG_COMPILER_GLOBAL_ACCENT_COLOR_NAME = AccentColor;
				CLANG_ENABLE_MODULES = YES;
				CODE_SIGN_ENTITLEMENTS = MewNotch/MewNotch.entitlements;
				"CODE_SIGN_IDENTITY[sdk=macosx*]" = "Apple Development";
				CODE_SIGN_STYLE = Automatic;
				COMBINE_HIDPI_IMAGES = YES;
				CURRENT_PROJECT_VERSION = 220;
				DEVELOPMENT_TEAM = 6GLWGGY9D7;
				ENABLE_HARDENED_RUNTIME = YES;
				ENABLE_PREVIEWS = YES;
				ENABLE_RESOURCE_ACCESS_CAMERA = YES;
				FRAMEWORK_SEARCH_PATHS = (
					"$(inherited)",
					"$(PROJECT_DIR)/MewNotch/Resources/Libs",
				);
				GENERATE_INFOPLIST_FILE = YES;
				INFOPLIST_FILE = MewNotch/Info.plist;
				INFOPLIST_KEY_CFBundleDisplayName = "Mew Notch";
				INFOPLIST_KEY_LSApplicationCategoryType = "public.app-category.utilities";
				INFOPLIST_KEY_LSBackgroundOnly = YES;
				INFOPLIST_KEY_NSCameraUsageDescription = "Used for Mirror in expanded notch";
				INFOPLIST_KEY_NSHumanReadableCopyright = "";
				INFOPLIST_KEY_UIUserInterfaceStyle = Dark;
				LD_RUNPATH_SEARCH_PATHS = (
					"$(inherited)",
					"@executable_path/../Frameworks",
				);
				MACOSX_DEPLOYMENT_TARGET = 14.0;
				MARKETING_VERSION = 2.2.0;
				PRODUCT_BUNDLE_IDENTIFIER = com.monuk7735.mew.notch;
				PRODUCT_NAME = "$(TARGET_NAME)";
				SWIFT_EMIT_LOC_STRINGS = YES;
				SWIFT_OBJC_BRIDGING_HEADER = "MewNotch/Utils/Helpers/MewNotch-Bridging-Header.h";
				SWIFT_OPTIMIZATION_LEVEL = "-Onone";
				SWIFT_VERSION = 5.0;
				SYSTEM_FRAMEWORK_SEARCH_PATHS = "$(SYSTEM_LIBRARY_DIR)/PrivateFrameworks";
			};
			name = Debug;
		};
		9EA41D9A2D6DEACC00817679 /* Release */ = {
			isa = XCBuildConfiguration;
			buildSettings = {
				ASSETCATALOG_COMPILER_APPICON_NAME = AppIcon;
				ASSETCATALOG_COMPILER_GLOBAL_ACCENT_COLOR_NAME = AccentColor;
				CLANG_ENABLE_MODULES = YES;
				CODE_SIGN_ENTITLEMENTS = MewNotch/MewNotch.entitlements;
				"CODE_SIGN_IDENTITY[sdk=macosx*]" = "Apple Development";
				CODE_SIGN_STYLE = Automatic;
				COMBINE_HIDPI_IMAGES = YES;
				CURRENT_PROJECT_VERSION = 220;
				DEVELOPMENT_TEAM = 6GLWGGY9D7;
				ENABLE_HARDENED_RUNTIME = YES;
				ENABLE_PREVIEWS = YES;
				ENABLE_RESOURCE_ACCESS_CAMERA = YES;
				FRAMEWORK_SEARCH_PATHS = (
					"$(inherited)",
					"$(PROJECT_DIR)/MewNotch/Resources/Libs",
				);
				GENERATE_INFOPLIST_FILE = YES;
				INFOPLIST_FILE = MewNotch/Info.plist;
				INFOPLIST_KEY_CFBundleDisplayName = "Mew Notch";
				INFOPLIST_KEY_LSApplicationCategoryType = "public.app-category.utilities";
				INFOPLIST_KEY_LSBackgroundOnly = YES;
				INFOPLIST_KEY_NSCameraUsageDescription = "Used for Mirror in expanded notch";
				INFOPLIST_KEY_NSHumanReadableCopyright = "";
				INFOPLIST_KEY_UIUserInterfaceStyle = Dark;
				LD_RUNPATH_SEARCH_PATHS = (
					"$(inherited)",
					"@executable_path/../Frameworks",
				);
				MACOSX_DEPLOYMENT_TARGET = 14.0;
				MARKETING_VERSION = 2.2.0;
				PRODUCT_BUNDLE_IDENTIFIER = com.monuk7735.mew.notch;
				PRODUCT_NAME = "$(TARGET_NAME)";
				SWIFT_EMIT_LOC_STRINGS = YES;
				SWIFT_OBJC_BRIDGING_HEADER = "MewNotch/Utils/Helpers/MewNotch-Bridging-Header.h";
				SWIFT_VERSION = 5.0;
				SYSTEM_FRAMEWORK_SEARCH_PATHS = "$(SYSTEM_LIBRARY_DIR)/PrivateFrameworks";
			};
			name = Release;
		};
/* End XCBuildConfiguration section */

/* Begin XCConfigurationList section */
		9EA41D822D6DEACA00817679 /* Build configuration list for PBXProject "MewNotch" */ = {
			isa = XCConfigurationList;
			buildConfigurations = (
				9EA41D962D6DEACC00817679 /* Debug */,
				9EA41D972D6DEACC00817679 /* Release */,
			);
			defaultConfigurationIsVisible = 0;
			defaultConfigurationName = Release;
		};
		9EA41D982D6DEACC00817679 /* Build configuration list for PBXNativeTarget "MewNotch" */ = {
			isa = XCConfigurationList;
			buildConfigurations = (
				9EA41D992D6DEACC00817679 /* Debug */,
				9EA41D9A2D6DEACC00817679 /* Release */,
			);
			defaultConfigurationIsVisible = 0;
			defaultConfigurationName = Release;
		};
/* End XCConfigurationList section */

/* Begin XCRemoteSwiftPackageReference section */
		250A20722ED646CF00FBAF0C /* XCRemoteSwiftPackageReference "SwiftyJSON" */ = {
			isa = XCRemoteSwiftPackageReference;
			repositoryURL = "https://github.com/SwiftyJSON/SwiftyJSON.git";
			requirement = {
				kind = upToNextMajorVersion;
				minimumVersion = 5.0.2;
			};
		};
		250A20732ED646DB00FBAF0C /* XCRemoteSwiftPackageReference "LaunchAtLogin-Modern" */ = {
			isa = XCRemoteSwiftPackageReference;
			repositoryURL = "https://github.com/sindresorhus/LaunchAtLogin-Modern";
			requirement = {
				branch = main;
				kind = branch;
			};
		};
		251798DA2F126FFF0050B370 /* XCRemoteSwiftPackageReference "MacroVisionKit" */ = {
			isa = XCRemoteSwiftPackageReference;
			repositoryURL = "https://github.com/TheBoredTeam/MacroVisionKit";
			requirement = {
				kind = upToNextMajorVersion;
				minimumVersion = 0.1.0;
			};
		};
		258F12A02F01D5D100CA507F /* XCRemoteSwiftPackageReference "Sparkle" */ = {
			isa = XCRemoteSwiftPackageReference;
			repositoryURL = "https://github.com/sparkle-project/Sparkle";
			requirement = {
				kind = upToNextMajorVersion;
				minimumVersion = 2.8.1;
			};
		};
		9E36AFA92D78EB2100D53482 /* XCRemoteSwiftPackageReference "lottie-ios" */ = {
			isa = XCRemoteSwiftPackageReference;
			repositoryURL = "https://github.com/airbnb/lottie-ios";
			requirement = {
				kind = upToNextMajorVersion;
				minimumVersion = 4.5.1;
			};
		};
/* End XCRemoteSwiftPackageReference section */

/* Begin XCSwiftPackageProductDependency section */
		251798DB2F126FFF0050B370 /* MacroVisionKit */ = {
			isa = XCSwiftPackageProductDependency;
			package = 251798DA2F126FFF0050B370 /* XCRemoteSwiftPackageReference "MacroVisionKit" */;
			productName = MacroVisionKit;
		};
		258F12A12F01D5D100CA507F /* Sparkle */ = {
			isa = XCSwiftPackageProductDependency;
			package = 258F12A02F01D5D100CA507F /* XCRemoteSwiftPackageReference "Sparkle" */;
			productName = Sparkle;
		};
		25F325632ED64870001C93C0 /* LaunchAtLogin */ = {
			isa = XCSwiftPackageProductDependency;
			package = 250A20732ED646DB00FBAF0C /* XCRemoteSwiftPackageReference "LaunchAtLogin-Modern" */;
			productName = LaunchAtLogin;
		};
		25F325652ED64885001C93C0 /* SwiftyJSON */ = {
			isa = XCSwiftPackageProductDependency;
			package = 250A20722ED646CF00FBAF0C /* XCRemoteSwiftPackageReference "SwiftyJSON" */;
			productName = SwiftyJSON;
		};
		9E36AFAA2D78EB2100D53482 /* Lottie */ = {
			isa = XCSwiftPackageProductDependency;
			package = 9E36AFA92D78EB2100D53482 /* XCRemoteSwiftPackageReference "lottie-ios" */;
			productName = Lottie;
		};
/* End XCSwiftPackageProductDependency section */
	};
	rootObject = 9EA41D7F2D6DEACA00817679 /* Project object */;
}
